
Microsoft Visual Studio Solution File, Format Version 12.00
# Visual Studio 2013
VisualStudioVersion = 12.0.31101.0
MinimumVisualStudioVersion = 10.0.40219.1
Project("{FAE04EC0-301F-11D3-BF4B-00C04F79EFBC}") = "testthemx_winform", "testthemx_winform\testthemx_winform.csproj", "{A0A28FC7-813D-4E46-8B0B-3378F6503EF1}"
EndProject
Project("{FAE04EC0-301F-11D3-BF4B-00C04F79EFBC}") = "Bdev.Net.Dns", "Bdev.Net.Dns\Bdev.Net.Dns.csproj", "{6D765924-73E9-49AE-8A97-DA24958A540C}"
EndProject
Global
	GlobalSection(SolutionConfigurationPlatforms) = preSolution
		Debug|Any CPU = Debug|Any CPU
		Release|Any CPU = Release|Any CPU
	EndGlobalSection
	GlobalSection(ProjectConfigurationPlatforms) = postSolution
		{A0A28FC7-813D-4E46-8B0B-3378F6503EF1}.Debug|Any CPU.ActiveCfg = Debug|Any CPU
		{A0A28FC7-813D-4E46-8B0B-3378F6503EF1}.Debug|Any CPU.Build.0 = Debug|Any CPU
		{A0A28FC7-813D-4E46-8B0B-3378F6503EF1}.Release|Any CPU.ActiveCfg = Release|Any CPU
		{A0A28FC7-813D-4E46-8B0B-3378F6503EF1}.Release|Any CPU.Build.0 = Release|Any CPU
		{6D765924-73E9-49AE-8A97-DA24958A540C}.Debug|Any CPU.ActiveCfg = Debug|Any CPU
		{6D765924-73E9-49AE-8A97-DA24958A540C}.Debug|Any CPU.Build.0 = Debug|Any CPU
		{6D765924-73E9-49AE-8A97-DA24958A540C}.Release|Any CPU.ActiveCfg = Release|Any CPU
		{6D765924-73E9-49AE-8A97-DA24958A540C}.Release|Any CPU.Build.0 = Release|Any CPU
	EndGlobalSection
	GlobalSection(SolutionProperties) = preSolution
		HideSolutionNode = FALSE
	EndGlobalSection
EndGlobal
